
Microsoft Visual Studio Solution File, Format Version 12.00
# Visual Studio Version 17
VisualStudioVersion = 17.1.32228.430
MinimumVisualStudioVersion = 10.0.40219.1
Project("{FAE04EC0-301F-11D3-BF4B-00C04F79EFBC}") = "Exercice 3.7 Barnabé fait ses courses", "Exercice 3.7 Barnabé fait ses courses\Exercice 3.7 Barnabé fait ses courses.csproj", "{E646EB94-AA9B-49BE-8421-D799852C1ED6}"
EndProject
Global
	GlobalSection(SolutionConfigurationPlatforms) = preSolution
		Debug|Any CPU = Debug|Any CPU
		Release|Any CPU = Release|Any CPU
	EndGlobalSection
	GlobalSection(ProjectConfigurationPlatforms) = postSolution
		{E646EB94-AA9B-49BE-8421-D799852C1ED6}.Debug|Any CPU.ActiveCfg = Debug|Any CPU
		{E646EB94-AA9B-49BE-8421-D799852C1ED6}.Debug|Any CPU.Build.0 = Debug|Any CPU
		{E646EB94-AA9B-49BE-8421-D799852C1ED6}.Release|Any CPU.ActiveCfg = Release|Any CPU
		{E646EB94-AA9B-49BE-8421-D799852C1ED6}.Release|Any CPU.Build.0 = Release|Any CPU
	EndGlobalSection
	GlobalSection(SolutionProperties) = preSolution
		HideSolutionNode = FALSE
	EndGlobalSection
	GlobalSection(ExtensibilityGlobals) = postSolution
		SolutionGuid = {D943A0CA-5066-481D-89B1-C4B094951D6C}
	EndGlobalSection
EndGlobal
