
Microsoft Visual Studio Solution File, Format Version 12.00
# Visual Studio Version 17
VisualStudioVersion = 17.1.32228.430
MinimumVisualStudioVersion = 10.0.40219.1
Project("{FAE04EC0-301F-11D3-BF4B-00C04F79EFBC}") = "Exercice 3.3 contrôler la saisie avec limite", "Exercice 3.3 contrôler la saisie avec limite\Exercice 3.3 contrôler la saisie avec limite.csproj", "{AD94979E-4EFF-4611-B848-5FF49795A4CF}"
EndProject
Global
	GlobalSection(SolutionConfigurationPlatforms) = preSolution
		Debug|Any CPU = Debug|Any CPU
		Release|Any CPU = Release|Any CPU
	EndGlobalSection
	GlobalSection(ProjectConfigurationPlatforms) = postSolution
		{AD94979E-4EFF-4611-B848-5FF49795A4CF}.Debug|Any CPU.ActiveCfg = Debug|Any CPU
		{AD94979E-4EFF-4611-B848-5FF49795A4CF}.Debug|Any CPU.Build.0 = Debug|Any CPU
		{AD94979E-4EFF-4611-B848-5FF49795A4CF}.Release|Any CPU.ActiveCfg = Release|Any CPU
		{AD94979E-4EFF-4611-B848-5FF49795A4CF}.Release|Any CPU.Build.0 = Release|Any CPU
	EndGlobalSection
	GlobalSection(SolutionProperties) = preSolution
		HideSolutionNode = FALSE
	EndGlobalSection
	GlobalSection(ExtensibilityGlobals) = postSolution
		SolutionGuid = {EE25AE38-2158-4574-8D60-0B468BE0759B}
	EndGlobalSection
EndGlobal
